
Microsoft Visual Studio Solution File, Format Version 12.00
# Visual Studio Version 16
VisualStudioVersion = 16.0.31515.178
MinimumVisualStudioVersion = 10.0.40219.1
Project("{FAE04EC0-301F-11D3-BF4B-00C04F79EFBC}") = "SalesWebMvc", "SalesWebMvc\SalesWebMvc.csproj", "{1D98754B-5BED-4887-9AAC-1E2482B7492B}"
EndProject
Global
	GlobalSection(SolutionConfigurationPlatforms) = preSolution
		Debug|Any CPU = Debug|Any CPU
		Release|Any CPU = Release|Any CPU
	EndGlobalSection
	GlobalSection(ProjectConfigurationPlatforms) = postSolution
		{1D98754B-5BED-4887-9AAC-1E2482B7492B}.Debug|Any CPU.ActiveCfg = Debug|Any CPU
		{1D98754B-5BED-4887-9AAC-1E2482B7492B}.Debug|Any CPU.Build.0 = Debug|Any CPU
		{1D98754B-5BED-4887-9AAC-1E2482B7492B}.Release|Any CPU.ActiveCfg = Release|Any CPU
		{1D98754B-5BED-4887-9AAC-1E2482B7492B}.Release|Any CPU.Build.0 = Release|Any CPU
	EndGlobalSection
	GlobalSection(SolutionProperties) = preSolution
		HideSolutionNode = FALSE
	EndGlobalSection
	GlobalSection(ExtensibilityGlobals) = postSolution
		SolutionGuid = {00BFE7D7-2D2F-46D8-BD18-782338A0080C}
	EndGlobalSection
EndGlobal
